
Microsoft Visual Studio Solution File, Format Version 12.00
# Visual Studio 15
VisualStudioVersion = 15.0.27004.2002
MinimumVisualStudioVersion = 10.0.40219.1
Project("{FAE04EC0-301F-11D3-BF4B-00C04F79EFBC}") = "ParkB-B", "ParkB-B\ParkB-B.csproj", "{A11BC459-818A-40FB-A5BE-A54039A881A6}"
EndProject
Project("{E24C65DC-7377-472B-9ABA-BC803B73C61A}") = "ParkBnbService", "..\..\WebSites\ParkBnbService\", "{68EB3EFA-0B45-48FD-9969-86C45C11C97C}"
	ProjectSection(WebsiteProperties) = preProject
		TargetFrameworkMoniker = ".NETFramework,Version%3Dv3.5"
		ProjectReferences = "{a11bc459-818a-40fb-a5be-a54039a881a6}|ParkB-B.dll;"
		Debug.AspNetCompiler.VirtualPath = "/localhost_51740"
		Debug.AspNetCompiler.PhysicalPath = "..\..\WebSites\ParkBnbService\"
		Debug.AspNetCompiler.TargetPath = "PrecompiledWeb\localhost_51740\"
		Debug.AspNetCompiler.Updateable = "true"
		Debug.AspNetCompiler.ForceOverwrite = "true"
		Debug.AspNetCompiler.FixedNames = "false"
		Debug.AspNetCompiler.Debug = "True"
		Release.AspNetCompiler.VirtualPath = "/localhost_51740"
		Release.AspNetCompiler.PhysicalPath = "..\..\WebSites\ParkBnbService\"
		Release.AspNetCompiler.TargetPath = "PrecompiledWeb\localhost_51740\"
		Release.AspNetCompiler.Updateable = "true"
		Release.AspNetCompiler.ForceOverwrite = "true"
		Release.AspNetCompiler.FixedNames = "false"
		Release.AspNetCompiler.Debug = "False"
		VWDPort = "51740"
		SlnRelativePath = "..\..\WebSites\ParkBnbService\"
	EndProjectSection
EndProject
Global
	GlobalSection(SolutionConfigurationPlatforms) = preSolution
		Debug|Any CPU = Debug|Any CPU
		Release|Any CPU = Release|Any CPU
	EndGlobalSection
	GlobalSection(ProjectConfigurationPlatforms) = postSolution
		{A11BC459-818A-40FB-A5BE-A54039A881A6}.Debug|Any CPU.ActiveCfg = Debug|Any CPU
		{A11BC459-818A-40FB-A5BE-A54039A881A6}.Debug|Any CPU.Build.0 = Debug|Any CPU
		{A11BC459-818A-40FB-A5BE-A54039A881A6}.Release|Any CPU.ActiveCfg = Release|Any CPU
		{A11BC459-818A-40FB-A5BE-A54039A881A6}.Release|Any CPU.Build.0 = Release|Any CPU
		{68EB3EFA-0B45-48FD-9969-86C45C11C97C}.Debug|Any CPU.ActiveCfg = Debug|Any CPU
		{68EB3EFA-0B45-48FD-9969-86C45C11C97C}.Debug|Any CPU.Build.0 = Debug|Any CPU
		{68EB3EFA-0B45-48FD-9969-86C45C11C97C}.Release|Any CPU.ActiveCfg = Debug|Any CPU
		{68EB3EFA-0B45-48FD-9969-86C45C11C97C}.Release|Any CPU.Build.0 = Debug|Any CPU
	EndGlobalSection
	GlobalSection(SolutionProperties) = preSolution
		HideSolutionNode = FALSE
	EndGlobalSection
	GlobalSection(ExtensibilityGlobals) = postSolution
		SolutionGuid = {4B41490E-FAA8-4AB5-8CEC-E98953A302D5}
	EndGlobalSection
EndGlobal
